
Microsoft Visual Studio Solution File, Format Version 12.00
# Visual Studio Version 17
VisualStudioVersion = 17.10.34916.146
MinimumVisualStudioVersion = 10.0.40219.1
Project("{FAE04EC0-301F-11D3-BF4B-00C04F79EFBC}") = "SMS-Service", "SMS-Service\SMS-Service.csproj", "{08E166C6-8587-4376-812C-29B16EF6084D}"
EndProject
Project("{FAE04EC0-301F-11D3-BF4B-00C04F79EFBC}") = "SMS-Client", "SMS-Client\SMS-Client.csproj", "{AE259F0E-95EE-466D-9FFC-D18610F79142}"
EndProject
Global
	GlobalSection(SolutionConfigurationPlatforms) = preSolution
		Debug|Any CPU = Debug|Any CPU
		Release|Any CPU = Release|Any CPU
	EndGlobalSection
	GlobalSection(ProjectConfigurationPlatforms) = postSolution
		{08E166C6-8587-4376-812C-29B16EF6084D}.Debug|Any CPU.ActiveCfg = Debug|Any CPU
		{08E166C6-8587-4376-812C-29B16EF6084D}.Debug|Any CPU.Build.0 = Debug|Any CPU
		{08E166C6-8587-4376-812C-29B16EF6084D}.Release|Any CPU.ActiveCfg = Release|Any CPU
		{08E166C6-8587-4376-812C-29B16EF6084D}.Release|Any CPU.Build.0 = Release|Any CPU
		{AE259F0E-95EE-466D-9FFC-D18610F79142}.Debug|Any CPU.ActiveCfg = Debug|Any CPU
		{AE259F0E-95EE-466D-9FFC-D18610F79142}.Debug|Any CPU.Build.0 = Debug|Any CPU
		{AE259F0E-95EE-466D-9FFC-D18610F79142}.Release|Any CPU.ActiveCfg = Release|Any CPU
		{AE259F0E-95EE-466D-9FFC-D18610F79142}.Release|Any CPU.Build.0 = Release|Any CPU
	EndGlobalSection
	GlobalSection(SolutionProperties) = preSolution
		HideSolutionNode = FALSE
	EndGlobalSection
	GlobalSection(ExtensibilityGlobals) = postSolution
		SolutionGuid = {DDFB0A19-1968-44FC-A943-B627AEE49A37}
	EndGlobalSection
EndGlobal
